
Microsoft Visual Studio Solution File, Format Version 12.00
# Visual Studio Version 16
VisualStudioVersion = 16.0.30907.101
MinimumVisualStudioVersion = 10.0.40219.1
Project("{FAE04EC0-301F-11D3-BF4B-00C04F79EFBC}") = "DI_Tema5_Ejer3", "DI_Tema5_Ejer3\DI_Tema5_Ejer3.csproj", "{9EE71110-B88E-4944-A3FE-12BEE2874F50}"
EndProject
Project("{FAE04EC0-301F-11D3-BF4B-00C04F79EFBC}") = "pruebas", "pruebas\pruebas.csproj", "{AFDBE093-5343-4311-B905-8BE5879E1583}"
EndProject
Global
	GlobalSection(SolutionConfigurationPlatforms) = preSolution
		Debug|Any CPU = Debug|Any CPU
		Release|Any CPU = Release|Any CPU
	EndGlobalSection
	GlobalSection(ProjectConfigurationPlatforms) = postSolution
		{9EE71110-B88E-4944-A3FE-12BEE2874F50}.Debug|Any CPU.ActiveCfg = Debug|Any CPU
		{9EE71110-B88E-4944-A3FE-12BEE2874F50}.Debug|Any CPU.Build.0 = Debug|Any CPU
		{9EE71110-B88E-4944-A3FE-12BEE2874F50}.Release|Any CPU.ActiveCfg = Release|Any CPU
		{9EE71110-B88E-4944-A3FE-12BEE2874F50}.Release|Any CPU.Build.0 = Release|Any CPU
		{AFDBE093-5343-4311-B905-8BE5879E1583}.Debug|Any CPU.ActiveCfg = Debug|Any CPU
		{AFDBE093-5343-4311-B905-8BE5879E1583}.Debug|Any CPU.Build.0 = Debug|Any CPU
		{AFDBE093-5343-4311-B905-8BE5879E1583}.Release|Any CPU.ActiveCfg = Release|Any CPU
		{AFDBE093-5343-4311-B905-8BE5879E1583}.Release|Any CPU.Build.0 = Release|Any CPU
	EndGlobalSection
	GlobalSection(SolutionProperties) = preSolution
		HideSolutionNode = FALSE
	EndGlobalSection
	GlobalSection(ExtensibilityGlobals) = postSolution
		SolutionGuid = {3CFDEEF2-F4ED-468A-881F-6C9563CEC507}
	EndGlobalSection
EndGlobal
